PODS:
  - CardIO (5.0.6)
  - CCTemplate (0.2.0)
  - CHTTextView (0.1)
  - CWStatusBarNotification (2.2.6)
  - FLAnimatedImage (1.0.8)
  - FormatterKit (1.8.0):
    - FormatterKit/AddressFormatter (= 1.8.0)
    - FormatterKit/ArrayFormatter (= 1.8.0)
    - FormatterKit/ColorFormatter (= 1.8.0)
    - FormatterKit/LocationFormatter (= 1.8.0)
    - FormatterKit/NameFormatter (= 1.8.0)
    - FormatterKit/OrdinalNumberFormatter (= 1.8.0)
    - FormatterKit/TimeIntervalFormatter (= 1.8.0)
    - FormatterKit/UnitOfInformationFormatter (= 1.8.0)
    - FormatterKit/URLRequestFormatter (= 1.8.0)
  - FormatterKit/AddressFormatter (1.8.0)
  - FormatterKit/ArrayFormatter (1.8.0)
  - FormatterKit/ColorFormatter (1.8.0)
  - FormatterKit/LocationFormatter (1.8.0)
  - FormatterKit/NameFormatter (1.8.0)
  - FormatterKit/OrdinalNumberFormatter (1.8.0)
  - FormatterKit/TimeIntervalFormatter (1.8.0)
  - FormatterKit/UnitOfInformationFormatter (1.8.0)
  - FormatterKit/URLRequestFormatter (1.8.0)
  - JSQMessagesViewController (5.3.2):
    - JSQSystemSoundPlayer (= 1.5.2)
  - JSQSystemSoundPlayer (1.5.2)
  - libPhoneNumber-iOS (0.8.5)
  - LLSimpleCamera (2.2.0)
  - MaveSDK (0.7.1):
    - CCTemplate (= 0.2.0)
    - libPhoneNumber-iOS (~> 0.8.3)
  - PaymentKit (1.1.1)
  - Stripe (4.0.3):
    - Stripe/Checkout (= 4.0.3)
    - Stripe/Core (= 4.0.3)
  - Stripe/ApplePay (4.0.3):
    - Stripe/Core
  - Stripe/Checkout (4.0.3):
    - Stripe/Core
  - Stripe/Core (4.0.3)

DEPENDENCIES:
  - CardIO (~> 5.0)
  - CHTTextView (~> 0.1)
  - CWStatusBarNotification (~> 2.2.6)
  - FLAnimatedImage (~> 1.0)
  - FormatterKit (~> 1.8)
  - JSQMessagesViewController (from `https://github.com/jessesquires/JSQMessagesViewController`,
    branch `version_5.3.2_patch`)
  - LLSimpleCamera (~> 2.2)
  - MaveSDK
  - PaymentKit
  - Stripe
  - Stripe/ApplePay

EXTERNAL SOURCES:
  JSQMessagesViewController:
    :branch: version_5.3.2_patch
    :git: https://github.com/jessesquires/JSQMessagesViewController

CHECKOUT OPTIONS:
  JSQMessagesViewController:
    :commit: 78b1797bc0ae273cf7a104853c8293acfaed174b
    :git: https://github.com/jessesquires/JSQMessagesViewController

SPEC CHECKSUMS:
  CardIO: 3fb62d56651d80e8f98e9572bfbe589ebf13d706
  CCTemplate: f00efa85dad31e12b8a766b8e8198eb772c71c4f
  CHTTextView: ceca52ee4c0a6e05c05a919c7135b82acdf8ed3f
  CWStatusBarNotification: b7d08c63bbfcceee08b63cab041560a6f5cdefb6
  FLAnimatedImage: f9422f796135aff80d8c00b2afc48015bb746e24
  FormatterKit: bddde83e054edf9d9ee14f9de3b3a5103db256f4
  JSQMessagesViewController: 6eedd009d4eabb6089ab7578130545899bea6c0f
  JSQSystemSoundPlayer: 443466bd5f4537d0b7f15a0184244169ae65f8e5
  libPhoneNumber-iOS: b8ccd23576379caca37c7cbdd554addf384459ed
  LLSimpleCamera: 360c9647008f3cc8062748dbe7e4ebc7b4fbde04
  MaveSDK: 0c4150261cdaf96260c00796440d4bc1eea0cb72
  PaymentKit: 323c25233af5060880daa0c31366d4b688c34487
  Stripe: 43a4307dc789483a61668d187c4a917d1348b0b6

COCOAPODS: 0.37.2
